
Microsoft Visual Studio Solution File, Format Version 12.00
# Visual Studio Version 16
VisualStudioVersion = 16.0.31729.503
MinimumVisualStudioVersion = 10.0.40219.1
Project("{FAE04EC0-301F-11D3-BF4B-00C04F79EFBC}") = "TestGraphQLWithHotChocolate", "TestGraphQLWithHotChocolate\TestGraphQLWithHotChocolate.csproj", "{45F06A24-3604-449C-BA0A-E9B7CE65D1A4}"
EndProject
Global
	GlobalSection(SolutionConfigurationPlatforms) = preSolution
		Debug|Any CPU = Debug|Any CPU
		Release|Any CPU = Release|Any CPU
	EndGlobalSection
	GlobalSection(ProjectConfigurationPlatforms) = postSolution
		{45F06A24-3604-449C-BA0A-E9B7CE65D1A4}.Debug|Any CPU.ActiveCfg = Debug|Any CPU
		{45F06A24-3604-449C-BA0A-E9B7CE65D1A4}.Debug|Any CPU.Build.0 = Debug|Any CPU
		{45F06A24-3604-449C-BA0A-E9B7CE65D1A4}.Release|Any CPU.ActiveCfg = Release|Any CPU
		{45F06A24-3604-449C-BA0A-E9B7CE65D1A4}.Release|Any CPU.Build.0 = Release|Any CPU
	EndGlobalSection
	GlobalSection(SolutionProperties) = preSolution
		HideSolutionNode = FALSE
	EndGlobalSection
	GlobalSection(ExtensibilityGlobals) = postSolution
		SolutionGuid = {6475C9AE-D55F-4938-AD04-A6A3C99A8CED}
	EndGlobalSection
EndGlobal
